// !$*UTF8*$!
{
	archiveVersion = 1;
	classes = {
	};
	objectVersion = 46;
	objects = {

/* Begin PBXBuildFile section */
		0233E4861F61D30F00AE8933 /* main.c in Sources */ = {isa = PBXBuildFile; fileRef = 0233E4851F61D30F00AE8933 /* main.c */; };
		0233E48E1F61D31600AE8933 /* ArrayList.c in Sources */ = {isa = PBXBuildFile; fileRef = 0233E48C1F61D31600AE8933 /* ArrayList.c */; };
		0233E4911F61EAC000AE8933 /* cObj.c in Sources */ = {isa = PBXBuildFile; fileRef = 0233E48F1F61EAC000AE8933 /* cObj.c */; };
		0233E4941F61FC6B00AE8933 /* String.c in Sources */ = {isa = PBXBuildFile; fileRef = 0233E4921F61FC6B00AE8933 /* String.c */; };
		0233E4971F6201A400AE8933 /* LinkedList.c in Sources */ = {isa = PBXBuildFile; fileRef = 0233E4951F6201A400AE8933 /* LinkedList.c */; };
		02FD09511FDF1B5800729ECD /* Dictionary.c in Sources */ = {isa = PBXBuildFile; fileRef = 02FD094F1FDF1B5800729ECD /* Dictionary.c */; };
		02FD095A1FDF2D5A00729ECD /* Dictionary.c in Sources */ = {isa = PBXBuildFile; fileRef = 02FD094F1FDF1B5800729ECD /* Dictionary.c */; };
		02FD095B1FDF2D5F00729ECD /* cObj.c in Sources */ = {isa = PBXBuildFile; fileRef = 0233E48F1F61EAC000AE8933 /* cObj.c */; };
		02FD095C1FDF2D6100729ECD /* String.c in Sources */ = {isa = PBXBuildFile; fileRef = 0233E4921F61FC6B00AE8933 /* String.c */; };
		02FD095D1FDF2D6200729ECD /* LinkedList.c in Sources */ = {isa = PBXBuildFile; fileRef = 0233E4951F6201A400AE8933 /* LinkedList.c */; };
		02FD095E1FDF2D6400729ECD /* ArrayList.c in Sources */ = {isa = PBXBuildFile; fileRef = 0233E48C1F61D31600AE8933 /* ArrayList.c */; };
/* End PBXBuildFile section */

/* Begin PBXCopyFilesBuildPhase section */
		0233E4801F61D30F00AE8933 /* CopyFiles */ = {
			isa = PBXCopyFilesBuildPhase;
			buildActionMask = 2147483647;
			dstPath = /usr/share/man/man1/;
			dstSubfolderSpec = 0;
			files = (
			);
			runOnlyForDeploymentPostprocessing = 1;
		};
/* End PBXCopyFilesBuildPhase section */

/* Begin PBXFileReference section */
		0233E4821F61D30F00AE8933 /* cArrayList */ = {isa = PBXFileReference; explicitFileType = "compiled.mach-o.executable"; includeInIndex = 0; path = cArrayList; sourceTree = BUILT_PRODUCTS_DIR; };
		0233E4851F61D30F00AE8933 /* main.c */ = {isa = PBXFileReference; lastKnownFileType = sourcecode.c.c; path = main.c; sourceTree = "<group>"; };
		0233E48C1F61D31600AE8933 /* ArrayList.c */ = {isa = PBXFileReference; fileEncoding = 4; lastKnownFileType = sourcecode.c.c; path = ArrayList.c; sourceTree = "<group>"; };
		0233E48D1F61D31600AE8933 /* ArrayList.h */ = {isa = PBXFileReference; fileEncoding = 4; lastKnownFileType = sourcecode.c.h; path = ArrayList.h; sourceTree = "<group>"; };
		0233E48F1F61EAC000AE8933 /* cObj.c */ = {isa = PBXFileReference; fileEncoding = 4; lastKnownFileType = sourcecode.c.c; path = cObj.c; sourceTree = "<group>"; };
		0233E4901F61EAC000AE8933 /* cObj.h */ = {isa = PBXFileReference; fileEncoding = 4; lastKnownFileType = sourcecode.c.h; path = cObj.h; sourceTree = "<group>"; };
		0233E4921F61FC6B00AE8933 /* String.c */ = {isa = PBXFileReference; fileEncoding = 4; lastKnownFileType = sourcecode.c.c; path = String.c; sourceTree = "<group>"; };
		0233E4931F61FC6B00AE8933 /* String.h */ = {isa = PBXFileReference; fileEncoding = 4; lastKnownFileType = sourcecode.c.h; path = String.h; sourceTree = "<group>"; };
		0233E4951F6201A400AE8933 /* LinkedList.c */ = {isa = PBXFileReference; fileEncoding = 4; lastKnownFileType = sourcecode.c.c; path = LinkedList.c; sourceTree = "<group>"; };
		0233E4961F6201A400AE8933 /* LinkedList.h */ = {isa = PBXFileReference; fileEncoding = 4; lastKnownFileType = sourcecode.c.h; path = LinkedList.h; sourceTree = "<group>"; };
		02FD094F1FDF1B5800729ECD /* Dictionary.c */ = {isa = PBXFileReference; lastKnownFileType = sourcecode.c.c; path = Dictionary.c; sourceTree = "<group>"; };
		02FD09501FDF1B5800729ECD /* Dictionary.h */ = {isa = PBXFileReference; lastKnownFileType = sourcecode.c.h; path = Dictionary.h; sourceTree = "<group>"; };
		02FD09561FDF2D4B00729ECD /* libClassy.a */ = {isa = PBXFileReference; explicitFileType = archive.ar; includeInIndex = 0; path = libClassy.a; sourceTree = BUILT_PRODUCTS_DIR; };
		02FD095F1FDF2E2800729ECD /* classy.h */ = {isa = PBXFileReference; lastKnownFileType = sourcecode.c.h; path = classy.h; sourceTree = "<group>"; };
/* End PBXFileReference section */

/* Begin PBXFrameworksBuildPhase section */
		0233E47F1F61D30F00AE8933 /* Frameworks */ = {
			isa = PBXFrameworksBuildPhase;
			buildActionMask = 2147483647;
			files = (
			);
			runOnlyForDeploymentPostprocessing = 0;
		};
		02FD09531FDF2D4B00729ECD /* Frameworks */ = {
			isa = PBXFrameworksBuildPhase;
			buildActionMask = 2147483647;
			files = (
			);
			runOnlyForDeploymentPostprocessing = 0;
		};
/* End PBXFrameworksBuildPhase section */

/* Begin PBXGroup section */
		0233E4791F61D30F00AE8933 = {
			isa = PBXGroup;
			children = (
				0233E4841F61D30F00AE8933 /* cArrayList */,
				0233E4831F61D30F00AE8933 /* Products */,
			);
			sourceTree = "<group>";
		};
		0233E4831F61D30F00AE8933 /* Products */ = {
			isa = PBXGroup;
			children = (
				0233E4821F61D30F00AE8933 /* cArrayList */,
				02FD09561FDF2D4B00729ECD /* libClassy.a */,
			);
			name = Products;
			sourceTree = "<group>";
		};
		0233E4841F61D30F00AE8933 /* cArrayList */ = {
			isa = PBXGroup;
			children = (
				0233E4851F61D30F00AE8933 /* main.c */,
				02FD094F1FDF1B5800729ECD /* Dictionary.c */,
				02FD095F1FDF2E2800729ECD /* classy.h */,
				02FD09501FDF1B5800729ECD /* Dictionary.h */,
				0233E48F1F61EAC000AE8933 /* cObj.c */,
				0233E4901F61EAC000AE8933 /* cObj.h */,
				0233E4921F61FC6B00AE8933 /* String.c */,
				0233E4931F61FC6B00AE8933 /* String.h */,
				0233E4951F6201A400AE8933 /* LinkedList.c */,
				0233E4961F6201A400AE8933 /* LinkedList.h */,
				0233E48C1F61D31600AE8933 /* ArrayList.c */,
				0233E48D1F61D31600AE8933 /* ArrayList.h */,
			);
			path = cArrayList;
			sourceTree = "<group>";
		};
/* End PBXGroup section */

/* Begin PBXHeadersBuildPhase section */
		02FD09541FDF2D4B00729ECD /* Headers */ = {
			isa = PBXHeadersBuildPhase;
			buildActionMask = 2147483647;
			files = (
			);
			runOnlyForDeploymentPostprocessing = 0;
		};
/* End PBXHeadersBuildPhase section */

/* Begin PBXNativeTarget section */
		0233E4811F61D30F00AE8933 /* cArrayList */ = {
			isa = PBXNativeTarget;
			buildConfigurationList = 0233E4891F61D30F00AE8933 /* Build configuration list for PBXNativeTarget "cArrayList" */;
			buildPhases = (
				0233E47E1F61D30F00AE8933 /* Sources */,
				0233E47F1F61D30F00AE8933 /* Frameworks */,
				0233E4801F61D30F00AE8933 /* CopyFiles */,
			);
			buildRules = (
			);
			dependencies = (
			);
			name = cArrayList;
			productName = cArrayList;
			productReference = 0233E4821F61D30F00AE8933 /* cArrayList */;
			productType = "com.apple.product-type.tool";
		};
		02FD09551FDF2D4B00729ECD /* Classy */ = {
			isa = PBXNativeTarget;
			buildConfigurationList = 02FD09571FDF2D4B00729ECD /* Build configuration list for PBXNativeTarget "Classy" */;
			buildPhases = (
				02FD09521FDF2D4B00729ECD /* Sources */,
				02FD09531FDF2D4B00729ECD /* Frameworks */,
				02FD09541FDF2D4B00729ECD /* Headers */,
			);
			buildRules = (
			);
			dependencies = (
			);
			name = Classy;
			productName = Classy;
			productReference = 02FD09561FDF2D4B00729ECD /* libClassy.a */;
			productType = "com.apple.product-type.library.static";
		};
/* End PBXNativeTarget section */

/* Begin PBXProject section */
		0233E47A1F61D30F00AE8933 /* Project object */ = {
			isa = PBXProject;
			attributes = {
				LastUpgradeCheck = 0900;
				ORGANIZATIONNAME = bd452;
				TargetAttributes = {
					0233E4811F61D30F00AE8933 = {
						CreatedOnToolsVersion = 8.2.1;
						DevelopmentTeam = GDNLAH489Z;
						ProvisioningStyle = Automatic;
					};
					02FD09551FDF2D4B00729ECD = {
						CreatedOnToolsVersion = 9.0.1;
						DevelopmentTeam = GDNLAH489Z;
						ProvisioningStyle = Automatic;
					};
				};
			};
			buildConfigurationList = 0233E47D1F61D30F00AE8933 /* Build configuration list for PBXProject "cArrayList" */;
			compatibilityVersion = "Xcode 3.2";
			developmentRegion = English;
			hasScannedForEncodings = 0;
			knownRegions = (
				en,
			);
			mainGroup = 0233E4791F61D30F00AE8933;
			productRefGroup = 0233E4831F61D30F00AE8933 /* Products */;
			projectDirPath = "";
			projectRoot = "";
			targets = (
				0233E4811F61D30F00AE8933 /* cArrayList */,
				02FD09551FDF2D4B00729ECD /* Classy */,
			);
		};
/* End PBXProject section */

/* Begin PBXSourcesBuildPhase section */
		0233E47E1F61D30F00AE8933 /* Sources */ = {
			isa = PBXSourcesBuildPhase;
			buildActionMask = 2147483647;
			files = (
				0233E4941F61FC6B00AE8933 /* String.c in Sources */,
				02FD09511FDF1B5800729ECD /* Dictionary.c in Sources */,
				0233E4861F61D30F00AE8933 /* main.c in Sources */,
				0233E4911F61EAC000AE8933 /* cObj.c in Sources */,
				0233E4971F6201A400AE8933 /* LinkedList.c in Sources */,
				0233E48E1F61D31600AE8933 /* ArrayList.c in Sources */,
			);
			runOnlyForDeploymentPostprocessing = 0;
		};
		02FD09521FDF2D4B00729ECD /* Sources */ = {
			isa = PBXSourcesBuildPhase;
			buildActionMask = 2147483647;
			files = (
				02FD095D1FDF2D6200729ECD /* LinkedList.c in Sources */,
				02FD095A1FDF2D5A00729ECD /* Dictionary.c in Sources */,
				02FD095C1FDF2D6100729ECD /* String.c in Sources */,
				02FD095E1FDF2D6400729ECD /* ArrayList.c in Sources */,
				02FD095B1FDF2D5F00729ECD /* cObj.c in Sources */,
			);
			runOnlyForDeploymentPostprocessing = 0;
		};
/* End PBXSourcesBuildPhase section */

/* Begin XCBuildConfiguration section */
		0233E4871F61D30F00AE8933 /* Debug */ = {
			isa = XCBuildConfiguration;
			buildSettings = {
				ALWAYS_SEARCH_USER_PATHS = NO;
				CLANG_ANALYZER_NONNULL = YES;
				CLANG_CXX_LANGUAGE_STANDARD = "gnu++0x";
				CLANG_CXX_LIBRARY = "libc++";
				CLANG_ENABLE_MODULES = YES;
				CLANG_ENABLE_OBJC_ARC = YES;
				CLANG_WARN_BLOCK_CAPTURE_AUTORELEASING = YES;
				CLANG_WARN_BOOL_CONVERSION = YES;
				CLANG_WARN_COMMA = YES;
				CLANG_WARN_CONSTANT_CONVERSION = YES;
				CLANG_WARN_DIRECT_OBJC_ISA_USAGE = YES_ERROR;
				CLANG_WARN_DOCUMENTATION_COMMENTS = YES;
				CLANG_WARN_EMPTY_BODY = YES;
				CLANG_WARN_ENUM_CONVERSION = YES;
				CLANG_WARN_INFINITE_RECURSION = YES;
				CLANG_WARN_INT_CONVERSION = YES;
				CLANG_WARN_NON_LITERAL_NULL_CONVERSION = YES;
				CLANG_WARN_OBJC_LITERAL_CONVERSION = YES;
				CLANG_WARN_OBJC_ROOT_CLASS = YES_ERROR;
				CLANG_WARN_RANGE_LOOP_ANALYSIS = YES;
				CLANG_WARN_STRICT_PROTOTYPES = YES;
				CLANG_WARN_SUSPICIOUS_MOVE = YES;
				CLANG_WARN_UNREACHABLE_CODE = YES;
				CLANG_WARN__DUPLICATE_METHOD_MATCH = YES;
				CODE_SIGN_IDENTITY = "-";
				COPY_PHASE_STRIP = NO;
				DEBUG_INFORMATION_FORMAT = dwarf;
				ENABLE_STRICT_OBJC_MSGSEND = YES;
				ENABLE_TESTABILITY = YES;
				GCC_C_LANGUAGE_STANDARD = gnu99;
				GCC_DYNAMIC_NO_PIC = NO;
				GCC_NO_COMMON_BLOCKS = YES;
				GCC_OPTIMIZATION_LEVEL = 0;
				GCC_PREPROCESSOR_DEFINITIONS = (
					"DEBUG=1",
					"$(inherited)",
				);
				GCC_WARN_64_TO_32_BIT_CONVERSION = YES;
				GCC_WARN_ABOUT_RETURN_TYPE = YES_ERROR;
				GCC_WARN_UNDECLARED_SELECTOR = YES;
				GCC_WARN_UNINITIALIZED_AUTOS = YES_AGGRESSIVE;
				GCC_WARN_UNUSED_FUNCTION = YES;
				GCC_WARN_UNUSED_VARIABLE = YES;
				MACOSX_DEPLOYMENT_TARGET = 10.12;
				MTL_ENABLE_DEBUG_INFO = YES;
				ONLY_ACTIVE_ARCH = YES;
				SDKROOT = macosx;
			};
			name = Debug;
		};
		0233E4881F61D30F00AE8933 /* Release */ = {
			isa = XCBuildConfiguration;
			buildSettings = {
				ALWAYS_SEARCH_USER_PATHS = NO;
				CLANG_ANALYZER_NONNULL = YES;
				CLANG_CXX_LANGUAGE_STANDARD = "gnu++0x";
				CLANG_CXX_LIBRARY = "libc++";
				CLANG_ENABLE_MODULES = YES;
				CLANG_ENABLE_OBJC_ARC = YES;
				CLANG_WARN_BLOCK_CAPTURE_AUTORELEASING = YES;
				CLANG_WARN_BOOL_CONVERSION = YES;
				CLANG_WARN_COMMA = YES;
				CLANG_WARN_CONSTANT_CONVERSION = YES;
				CLANG_WARN_DIRECT_OBJC_ISA_USAGE = YES_ERROR;
				CLANG_WARN_DOCUMENTATION_COMMENTS = YES;
				CLANG_WARN_EMPTY_BODY = YES;
				CLANG_WARN_ENUM_CONVERSION = YES;
				CLANG_WARN_INFINITE_RECURSION = YES;
				CLANG_WARN_INT_CONVERSION = YES;
				CLANG_WARN_NON_LITERAL_NULL_CONVERSION = YES;
				CLANG_WARN_OBJC_LITERAL_CONVERSION = YES;
				CLANG_WARN_OBJC_ROOT_CLASS = YES_ERROR;
				CLANG_WARN_RANGE_LOOP_ANALYSIS = YES;
				CLANG_WARN_STRICT_PROTOTYPES = YES;
				CLANG_WARN_SUSPICIOUS_MOVE = YES;
				CLANG_WARN_UNREACHABLE_CODE = YES;
				CLANG_WARN__DUPLICATE_METHOD_MATCH = YES;
				CODE_SIGN_IDENTITY = "-";
				COPY_PHASE_STRIP = NO;
				DEBUG_INFORMATION_FORMAT = "dwarf-with-dsym";
				ENABLE_NS_ASSERTIONS = NO;
				ENABLE_STRICT_OBJC_MSGSEND = YES;
				GCC_C_LANGUAGE_STANDARD = gnu99;
				GCC_NO_COMMON_BLOCKS = YES;
				GCC_WARN_64_TO_32_BIT_CONVERSION = YES;
				GCC_WARN_ABOUT_RETURN_TYPE = YES_ERROR;
				GCC_WARN_UNDECLARED_SELECTOR = YES;
				GCC_WARN_UNINITIALIZED_AUTOS = YES_AGGRESSIVE;
				GCC_WARN_UNUSED_FUNCTION = YES;
				GCC_WARN_UNUSED_VARIABLE = YES;
				MACOSX_DEPLOYMENT_TARGET = 10.12;
				MTL_ENABLE_DEBUG_INFO = NO;
				SDKROOT = macosx;
			};
			name = Release;
		};
		0233E48A1F61D30F00AE8933 /* Debug */ = {
			isa = XCBuildConfiguration;
			buildSettings = {
				DEVELOPMENT_TEAM = GDNLAH489Z;
				PRODUCT_NAME = "$(TARGET_NAME)";
			};
			name = Debug;
		};
		0233E48B1F61D30F00AE8933 /* Release */ = {
			isa = XCBuildConfiguration;
			buildSettings = {
				DEVELOPMENT_TEAM = GDNLAH489Z;
				PRODUCT_NAME = "$(TARGET_NAME)";
			};
			name = Release;
		};
		02FD09581FDF2D4B00729ECD /* Debug */ = {
			isa = XCBuildConfiguration;
			buildSettings = {
				CLANG_ANALYZER_NUMBER_OBJECT_CONVERSION = YES_AGGRESSIVE;
				CLANG_CXX_LANGUAGE_STANDARD = "gnu++14";
				CLANG_WARN_UNGUARDED_AVAILABILITY = YES_AGGRESSIVE;
				CODE_SIGN_IDENTITY = "Mac Developer";
				CODE_SIGN_STYLE = Automatic;
				DEVELOPMENT_TEAM = GDNLAH489Z;
				EXECUTABLE_PREFIX = lib;
				GCC_C_LANGUAGE_STANDARD = gnu11;
				PRODUCT_NAME = "$(TARGET_NAME)";
			};
			name = Debug;
		};
		02FD09591FDF2D4B00729ECD /* Release */ = {
			isa = XCBuildConfiguration;
			buildSettings = {
				CLANG_ANALYZER_NUMBER_OBJECT_CONVERSION = YES_AGGRESSIVE;
				CLANG_CXX_LANGUAGE_STANDARD = "gnu++14";
				CLANG_WARN_UNGUARDED_AVAILABILITY = YES_AGGRESSIVE;
				CODE_SIGN_IDENTITY = "Mac Developer";
				CODE_SIGN_STYLE = Automatic;
				DEVELOPMENT_TEAM = GDNLAH489Z;
				EXECUTABLE_PREFIX = lib;
				GCC_C_LANGUAGE_STANDARD = gnu11;
				PRODUCT_NAME = "$(TARGET_NAME)";
			};
			name = Release;
		};
/* End XCBuildConfiguration section */

/* Begin XCConfigurationList section */
		0233E47D1F61D30F00AE8933 /* Build configuration list for PBXProject "cArrayList" */ = {
			isa = XCConfigurationList;
			buildConfigurations = (
				0233E4871F61D30F00AE8933 /* Debug */,
				0233E4881F61D30F00AE8933 /* Release */,
			);
			defaultConfigurationIsVisible = 0;
			defaultConfigurationName = Release;
		};
		0233E4891F61D30F00AE8933 /* Build configuration list for PBXNativeTarget "cArrayList" */ = {
			isa = XCConfigurationList;
			buildConfigurations = (
				0233E48A1F61D30F00AE8933 /* Debug */,
				0233E48B1F61D30F00AE8933 /* Release */,
			);
			defaultConfigurationIsVisible = 0;
			defaultConfigurationName = Release;
		};
		02FD09571FDF2D4B00729ECD /* Build configuration list for PBXNativeTarget "Classy" */ = {
			isa = XCConfigurationList;
			buildConfigurations = (
				02FD09581FDF2D4B00729ECD /* Debug */,
				02FD09591FDF2D4B00729ECD /* Release */,
			);
			defaultConfigurationIsVisible = 0;
			defaultConfigurationName = Release;
		};
/* End XCConfigurationList section */
	};
	rootObject = 0233E47A1F61D30F00AE8933 /* Project object */;
}
